
Microsoft Visual Studio Solution File, Format Version 12.00
# Visual Studio 15
Project("{FAE04EC0-301F-11D3-BF4B-00C04F79EFBC}") = "Assembly-CSharp", "Assembly-CSharp.csproj", "{263F193A-1F32-14BC-8C41-7FE039687BB6}"
EndProject
Global
	GlobalSection(SolutionConfigurationPlatforms) = preSolution
		Debug|Any CPU = Debug|Any CPU
		Release|Any CPU = Release|Any CPU
	EndGlobalSection
	GlobalSection(ProjectConfigurationPlatforms) = postSolution
		{263F193A-1F32-14BC-8C41-7FE039687BB6}.Debug|Any CPU.ActiveCfg = Debug|Any CPU
		{263F193A-1F32-14BC-8C41-7FE039687BB6}.Debug|Any CPU.Build.0 = Debug|Any CPU
		{263F193A-1F32-14BC-8C41-7FE039687BB6}.Release|Any CPU.ActiveCfg = Release|Any CPU
		{263F193A-1F32-14BC-8C41-7FE039687BB6}.Release|Any CPU.Build.0 = Release|Any CPU
	EndGlobalSection
	GlobalSection(SolutionProperties) = preSolution
		HideSolutionNode = FALSE
	EndGlobalSection
EndGlobal
